" Generated by vim-plug
" Fri 17 Apr 2020 21:10:36 CEST
" :source this file in vim to restore the snapshot
" or execute: vim -S snapshot.vim

silent! let g:plugs['ale'].commit = '198361bc'
silent! let g:plugs['auto-pairs'].commit = '39f06b8'
silent! let g:plugs['deoplete-jedi'].commit = '42f4c24'
silent! let g:plugs['deoplete.nvim'].commit = 'bbec852'
silent! let g:plugs['fzf'].commit = '6e464eb'
silent! let g:plugs['fzf.vim'].commit = 'f86ef1b'
silent! let g:plugs['happy_hacking.vim'].commit = '72c3dfe'
silent! let g:plugs['inko.vim'].commit = 'b2700bf'
silent! let g:plugs['nerdcommenter'].commit = 'c62e618'
silent! let g:plugs['rust.vim'].commit = 'ce5f2b1'
silent! let g:plugs['ultisnips'].commit = 'ee31ea1'
silent! let g:plugs['vim-fish'].commit = '50b95cb'
silent! let g:plugs['vim-fugitive'].commit = '85e2c73'
silent! let g:plugs['vim-gutentags'].commit = '96cd7db'
silent! let g:plugs['vim-racer'].commit = '950b78f'

PlugUpdate!

