" Generated by vim-plug
" Wed 24 Feb 2021 02:34:39 CET
" :source this file in vim to restore the snapshot
" or execute: vim -S snapshot.vim

silent! let g:plugs['QFEnter'].commit = 'df0a75b287c210f98ae353a12bbfdaf73d858beb'
silent! let g:plugs['ale'].commit = '6fbdec8587ad918dccf13546418904d3f2c38a46'
silent! let g:plugs['auto-pairs'].commit = '39f06b873a8449af8ff6a3eee716d3da14d63a76'
silent! let g:plugs['fzf'].commit = '00f4551a7b9edda202f15f43e694f949f04927de'
silent! let g:plugs['fzf.vim'].commit = '8fa9cf052409bbadf6bf24711b63bdb52c15c786'
silent! let g:plugs['inko.vim'].commit = '3dc971aa56c7e9c3c79ddd44212861329268d936'
silent! let g:plugs['nerdcommenter'].commit = 'f02686f2f60fd9cfb18976f12d791c2663cf17c8'
silent! let g:plugs['nvim-compe'].commit = '398b06ccc9863f068e9103a7f8403f363f0d7bcb'
silent! let g:plugs['nvim-lspconfig'].commit = 'a21a509417aa530fb7b54020f590fa5ccc67de77'
silent! let g:plugs['rust.vim'].commit = '96e79e397126be1a64fb53d8e3656842fe1a4532'
silent! let g:plugs['vim-colortemplate'].commit = '3ae7fd3d8559958742b1c968e17d23404eb0b1b4'
silent! let g:plugs['vim-fish'].commit = '50b95cbbcd09c046121367d49039710e9dc9c15f'
silent! let g:plugs['vim-fugitive'].commit = '7afa1cfaa62e7fc6f891d0d59f4b10d046b5fd8e'
silent! let g:plugs['vim-gutentags'].commit = '50705e8ebb7038b31314f416d1bddd9cb9154049'
silent! let g:plugs['vim-paper'].commit = '67763e10371beb56f9059efe257ec2db2fec2848'
silent! let g:plugs['vim-python-pep8-indent'].commit = '60ba5e11a61618c0344e2db190210145083c91f8'
silent! let g:plugs['vim-vsnip'].commit = 'd840e1af9e680b384e8a28e62b46ad5148907fdd'

PlugUpdate!

