" Generated by vim-plug
" Wed 26 Aug 2020 22:18:01 CEST
" :source this file in vim to restore the snapshot
" or execute: vim -S snapshot.vim

silent! let g:plugs['ale'].commit = '3e2abe3f'
silent! let g:plugs['auto-pairs'].commit = '39f06b8'
silent! let g:plugs['deoplete-jedi'].commit = '2786058'
silent! let g:plugs['deoplete.nvim'].commit = '7ab4c1b'
silent! let g:plugs['fzf'].commit = 'f2d44ab'
silent! let g:plugs['fzf.vim'].commit = '4145f53'
silent! let g:plugs['inko.vim'].commit = '4fa1c6f'
silent! let g:plugs['nerdcommenter'].commit = 'fade3d4'
silent! let g:plugs['rust.vim'].commit = 'f5eb7b0'
silent! let g:plugs['ultisnips'].commit = 'e83c820'
silent! let g:plugs['vim-colortemplate'].commit = 'a2ed0c8'
silent! let g:plugs['vim-fish'].commit = '50b95cb'
silent! let g:plugs['vim-fugitive'].commit = '260182c'
silent! let g:plugs['vim-gutentags'].commit = '8e69652'
silent! let g:plugs['vim-paper'].commit = '57797b5'
silent! let g:plugs['vim-racer'].commit = '250e9fd'

PlugUpdate!

