" Generated by vim-plug
" Mon 16 Sep 2019 19:02:56 CEST
" :source this file in vim to restore the snapshot
" or execute: vim -S snapshot.vim

silent! let g:plugs['ale'].commit = '73812c3'
silent! let g:plugs['auto-pairs'].commit = '39f06b8'
silent! let g:plugs['deoplete-jedi'].commit = '46121d9'
silent! let g:plugs['deoplete.nvim'].commit = '505b883'
silent! let g:plugs['fzf'].commit = '5c7dcaf'
silent! let g:plugs['fzf.vim'].commit = '359a80e'
silent! let g:plugs['happy_hacking.vim'].commit = 'fc0062e'
silent! let g:plugs['inko.vim'].commit = 'a4dfefe'
silent! let g:plugs['nerdcommenter'].commit = 'a051855'
silent! let g:plugs['rust.vim'].commit = '8cb49d6'
silent! let g:plugs['ultisnips'].commit = '1a99766'
silent! let g:plugs['vim-fish'].commit = '50b95cb'
silent! let g:plugs['vim-fugitive'].commit = 'b97a9ab'
silent! let g:plugs['vim-gutentags'].commit = 'eecb136'
silent! let g:plugs['vim-racer'].commit = '539e38c'

PlugUpdate!

