" Generated by vim-plug
" Mon 25 Nov 2019 17:57:25 CET
" :source this file in vim to restore the snapshot
" or execute: vim -S snapshot.vim

silent! let g:plugs['ale'].commit = 'b91d82bf'
silent! let g:plugs['auto-pairs'].commit = '39f06b8'
silent! let g:plugs['deoplete-jedi'].commit = 'f442e98'
silent! let g:plugs['deoplete.nvim'].commit = '57cf771'
silent! let g:plugs['fzf'].commit = '85644aa'
silent! let g:plugs['fzf.vim'].commit = '65edb6a'
silent! let g:plugs['happy_hacking.vim'].commit = '72c3dfe'
silent! let g:plugs['inko.vim'].commit = '205c9c9'
silent! let g:plugs['nerdcommenter'].commit = '9208286'
silent! let g:plugs['rust.vim'].commit = '97fdc4e'
silent! let g:plugs['ultisnips'].commit = 'c309637'
silent! let g:plugs['vim-fish'].commit = '50b95cb'
silent! let g:plugs['vim-fugitive'].commit = 'eed46c1'
silent! let g:plugs['vim-gutentags'].commit = 'eb9e57f'
silent! let g:plugs['vim-racer'].commit = '539e38c'

PlugUpdate!

