" Generated by vim-plug
" Fri 04 Oct 2019 22:09:03 CEST
" :source this file in vim to restore the snapshot
" or execute: vim -S snapshot.vim

silent! let g:plugs['ale'].commit = 'a486aa1'
silent! let g:plugs['auto-pairs'].commit = '39f06b8'
silent! let g:plugs['deoplete-jedi'].commit = '46121d9'
silent! let g:plugs['deoplete.nvim'].commit = '503c42d'
silent! let g:plugs['fzf'].commit = 'ab11b74'
silent! let g:plugs['fzf.vim'].commit = '359a80e'
silent! let g:plugs['happy_hacking.vim'].commit = '7add3bd'
silent! let g:plugs['inko.vim'].commit = '205c9c9'
silent! let g:plugs['nerdcommenter'].commit = 'a4b7c04'
silent! let g:plugs['rust.vim'].commit = '0dabf6a'
silent! let g:plugs['ultisnips'].commit = '1a99766'
silent! let g:plugs['vim-fish'].commit = '50b95cb'
silent! let g:plugs['vim-fugitive'].commit = '973d814'
silent! let g:plugs['vim-gutentags'].commit = 'eecb136'
silent! let g:plugs['vim-racer'].commit = '539e38c'

PlugUpdate!

